
Microsoft Visual Studio Solution File, Format Version 12.00
# Visual Studio Version 16
VisualStudioVersion = 16.0.31515.178
MinimumVisualStudioVersion = 10.0.40219.1
Project("{FAE04EC0-301F-11D3-BF4B-00C04F79EFBC}") = "ExamenT1", "ExamenT1.csproj", "{A8EB0D8E-34E7-41B0-AFC3-A39393E0E4BC}"
EndProject
Project("{FAE04EC0-301F-11D3-BF4B-00C04F79EFBC}") = "ExamenT1.Tests", "..\ExamenT1.Tests\ExamenT1.Tests.csproj", "{C0217262-B4B7-4122-A3FC-597EB1995C7C}"
EndProject
Global
	GlobalSection(SolutionConfigurationPlatforms) = preSolution
		Debug|Any CPU = Debug|Any CPU
		Release|Any CPU = Release|Any CPU
	EndGlobalSection
	GlobalSection(ProjectConfigurationPlatforms) = postSolution
		{A8EB0D8E-34E7-41B0-AFC3-A39393E0E4BC}.Debug|Any CPU.ActiveCfg = Debug|Any CPU
		{A8EB0D8E-34E7-41B0-AFC3-A39393E0E4BC}.Debug|Any CPU.Build.0 = Debug|Any CPU
		{A8EB0D8E-34E7-41B0-AFC3-A39393E0E4BC}.Release|Any CPU.ActiveCfg = Release|Any CPU
		{A8EB0D8E-34E7-41B0-AFC3-A39393E0E4BC}.Release|Any CPU.Build.0 = Release|Any CPU
		{C0217262-B4B7-4122-A3FC-597EB1995C7C}.Debug|Any CPU.ActiveCfg = Debug|Any CPU
		{C0217262-B4B7-4122-A3FC-597EB1995C7C}.Debug|Any CPU.Build.0 = Debug|Any CPU
		{C0217262-B4B7-4122-A3FC-597EB1995C7C}.Release|Any CPU.ActiveCfg = Release|Any CPU
		{C0217262-B4B7-4122-A3FC-597EB1995C7C}.Release|Any CPU.Build.0 = Release|Any CPU
	EndGlobalSection
	GlobalSection(SolutionProperties) = preSolution
		HideSolutionNode = FALSE
	EndGlobalSection
	GlobalSection(ExtensibilityGlobals) = postSolution
		SolutionGuid = {1241EE68-F0C7-44D5-976C-D3A16BDF4C3F}
	EndGlobalSection
EndGlobal
